
Microsoft Visual Studio Solution File, Format Version 12.00
# Visual Studio 15
VisualStudioVersion = 15.0.26730.10
MinimumVisualStudioVersion = 10.0.40219.1
Project("{9A19103F-16F7-4668-BE54-9A1E7A4F7556}") = "Skuld.Common", "Skuld.Common\Skuld.Common.csproj", "{20FDE544-C04F-4BE4-99FE-56B7DA178616}"
EndProject
Project("{9A19103F-16F7-4668-BE54-9A1E7A4F7556}") = "Skuld.DataProviders.Sina", "Skuld.DataProviders.Sina\Skuld.DataProviders.Sina.csproj", "{4B65FCBC-26B1-499F-B34B-D0F7EAB42163}"
EndProject
Project("{9A19103F-16F7-4668-BE54-9A1E7A4F7556}") = "Skuld.DataStorages.Files", "Skuld.DataStorages.Files\Skuld.DataStorages.Files.csproj", "{8326A449-2550-42E3-BAAD-463FA8BADB0E}"
EndProject
Project("{9A19103F-16F7-4668-BE54-9A1E7A4F7556}") = "Skuld.DataStorages.Entity", "Skuld.DataStorages.Entity\Skuld.DataStorages.Entity.csproj", "{A19B9450-B389-444F-9F1C-8AA24D2F9A52}"
EndProject
Project("{9A19103F-16F7-4668-BE54-9A1E7A4F7556}") = "Skuld.DataSync", "Skuld.DataSync\Skuld.DataSync.csproj", "{361286BB-3AE0-4B89-A949-9BDFA032F0D5}"
EndProject
Global
	GlobalSection(SolutionConfigurationPlatforms) = preSolution
		Debug|Any CPU = Debug|Any CPU
		Release|Any CPU = Release|Any CPU
	EndGlobalSection
	GlobalSection(ProjectConfigurationPlatforms) = postSolution
		{20FDE544-C04F-4BE4-99FE-56B7DA178616}.Debug|Any CPU.ActiveCfg = Debug|Any CPU
		{20FDE544-C04F-4BE4-99FE-56B7DA178616}.Debug|Any CPU.Build.0 = Debug|Any CPU
		{20FDE544-C04F-4BE4-99FE-56B7DA178616}.Release|Any CPU.ActiveCfg = Release|Any CPU
		{20FDE544-C04F-4BE4-99FE-56B7DA178616}.Release|Any CPU.Build.0 = Release|Any CPU
		{4B65FCBC-26B1-499F-B34B-D0F7EAB42163}.Debug|Any CPU.ActiveCfg = Debug|Any CPU
		{4B65FCBC-26B1-499F-B34B-D0F7EAB42163}.Debug|Any CPU.Build.0 = Debug|Any CPU
		{4B65FCBC-26B1-499F-B34B-D0F7EAB42163}.Release|Any CPU.ActiveCfg = Release|Any CPU
		{4B65FCBC-26B1-499F-B34B-D0F7EAB42163}.Release|Any CPU.Build.0 = Release|Any CPU
		{8326A449-2550-42E3-BAAD-463FA8BADB0E}.Debug|Any CPU.ActiveCfg = Debug|Any CPU
		{8326A449-2550-42E3-BAAD-463FA8BADB0E}.Debug|Any CPU.Build.0 = Debug|Any CPU
		{8326A449-2550-42E3-BAAD-463FA8BADB0E}.Release|Any CPU.ActiveCfg = Release|Any CPU
		{8326A449-2550-42E3-BAAD-463FA8BADB0E}.Release|Any CPU.Build.0 = Release|Any CPU
		{A19B9450-B389-444F-9F1C-8AA24D2F9A52}.Debug|Any CPU.ActiveCfg = Debug|Any CPU
		{A19B9450-B389-444F-9F1C-8AA24D2F9A52}.Debug|Any CPU.Build.0 = Debug|Any CPU
		{A19B9450-B389-444F-9F1C-8AA24D2F9A52}.Release|Any CPU.ActiveCfg = Release|Any CPU
		{A19B9450-B389-444F-9F1C-8AA24D2F9A52}.Release|Any CPU.Build.0 = Release|Any CPU
		{361286BB-3AE0-4B89-A949-9BDFA032F0D5}.Debug|Any CPU.ActiveCfg = Debug|Any CPU
		{361286BB-3AE0-4B89-A949-9BDFA032F0D5}.Debug|Any CPU.Build.0 = Debug|Any CPU
		{361286BB-3AE0-4B89-A949-9BDFA032F0D5}.Release|Any CPU.ActiveCfg = Release|Any CPU
		{361286BB-3AE0-4B89-A949-9BDFA032F0D5}.Release|Any CPU.Build.0 = Release|Any CPU
	EndGlobalSection
	GlobalSection(SolutionProperties) = preSolution
		HideSolutionNode = FALSE
	EndGlobalSection
	GlobalSection(ExtensibilityGlobals) = postSolution
		SolutionGuid = {49481F1F-68CC-4DB4-A880-D6ED22262F50}
	EndGlobalSection
EndGlobal
