
Microsoft Visual Studio Solution File, Format Version 12.00
# Visual Studio 14
VisualStudioVersion = 14.0.25420.1
MinimumVisualStudioVersion = 10.0.40219.1
Project("{FAE04EC0-301F-11D3-BF4B-00C04F79EFBC}") = "Skuld.Common", "Skuld.Common\Skuld.Common.csproj", "{20FDE544-C04F-4BE4-99FE-56B7DA178616}"
EndProject
Project("{FAE04EC0-301F-11D3-BF4B-00C04F79EFBC}") = "Skuld.DataProviders.Sina", "Skuld.DataProviders.Sina\Skuld.DataProviders.Sina.csproj", "{4B65FCBC-26B1-499F-B34B-D0F7EAB42163}"
EndProject
Project("{FAE04EC0-301F-11D3-BF4B-00C04F79EFBC}") = "Skuld.DataStorages.Files", "Skuld.DataStorages.Files\Skuld.DataStorages.Files.csproj", "{8326A449-2550-42E3-BAAD-463FA8BADB0E}"
EndProject
Project("{FAE04EC0-301F-11D3-BF4B-00C04F79EFBC}") = "Skuld.DataStorages.Entity", "Skuld.DataStorages.Entity\Skuld.DataStorages.Entity.csproj", "{A19B9450-B389-444F-9F1C-8AA24D2F9A52}"
EndProject
Project("{FAE04EC0-301F-11D3-BF4B-00C04F79EFBC}") = "Skuld.DataSync", "Skuld.DataSync\Skuld.DataSync.csproj", "{361286BB-3AE0-4B89-A949-9BDFA032F0D5}"
EndProject
Project("{2150E333-8FDC-42A3-9474-1A3956D46DE8}") = "SF", "SF", "{4BB22177-593A-4FFE-8564-B2CF31E508D3}"
EndProject
Project("{FAE04EC0-301F-11D3-BF4B-00C04F79EFBC}") = "SF.Abstractions.net46", "..\..\ServiceFramework\Projects\Core\SF.Abstractions\SF.Abstractions.net46.csproj", "{69691EF2-2EFF-4E50-AA49-93E9FDC5C34B}"
EndProject
Project("{FAE04EC0-301F-11D3-BF4B-00C04F79EFBC}") = "SF.Data.Entity.EFCore.net46", "..\..\ServiceFramework\Projects\Core\SF.Data.Entity.EFCore\SF.Data.Entity.EFCore.net46.csproj", "{F69BE9A4-1E81-4AA1-9B11-71077DF6CA3D}"
EndProject
Project("{FAE04EC0-301F-11D3-BF4B-00C04F79EFBC}") = "SF.Extensions.net46", "..\..\ServiceFramework\Projects\Core\SF.Extensions\SF.Extensions.net46.csproj", "{CA3CCEB7-AD9A-41B1-A06F-483C32B697B7}"
EndProject
Project("{FAE04EC0-301F-11D3-BF4B-00C04F79EFBC}") = "SF.Implements.net46", "..\..\ServiceFramework\Projects\Core\SF.Implements\SF.Implements.net46.csproj", "{DC7AF484-4386-4CB8-AE4C-0F33B18C4ADD}"
EndProject
Project("{FAE04EC0-301F-11D3-BF4B-00C04F79EFBC}") = "SF.Core.MicrosoftExtensions.net46", "..\..\ServiceFramework\Projects\Implements\SF.Core.MicrosoftExtensions\SF.Core.MicrosoftExtensions.net46.csproj", "{958914A9-CCDD-43FF-8620-3588EF099539}"
EndProject
Global
	GlobalSection(SolutionConfigurationPlatforms) = preSolution
		Debug|Any CPU = Debug|Any CPU
		Release|Any CPU = Release|Any CPU
	EndGlobalSection
	GlobalSection(ProjectConfigurationPlatforms) = postSolution
		{20FDE544-C04F-4BE4-99FE-56B7DA178616}.Debug|Any CPU.ActiveCfg = Debug|Any CPU
		{20FDE544-C04F-4BE4-99FE-56B7DA178616}.Debug|Any CPU.Build.0 = Debug|Any CPU
		{20FDE544-C04F-4BE4-99FE-56B7DA178616}.Release|Any CPU.ActiveCfg = Release|Any CPU
		{20FDE544-C04F-4BE4-99FE-56B7DA178616}.Release|Any CPU.Build.0 = Release|Any CPU
		{4B65FCBC-26B1-499F-B34B-D0F7EAB42163}.Debug|Any CPU.ActiveCfg = Debug|Any CPU
		{4B65FCBC-26B1-499F-B34B-D0F7EAB42163}.Debug|Any CPU.Build.0 = Debug|Any CPU
		{4B65FCBC-26B1-499F-B34B-D0F7EAB42163}.Release|Any CPU.ActiveCfg = Release|Any CPU
		{4B65FCBC-26B1-499F-B34B-D0F7EAB42163}.Release|Any CPU.Build.0 = Release|Any CPU
		{8326A449-2550-42E3-BAAD-463FA8BADB0E}.Debug|Any CPU.ActiveCfg = Debug|Any CPU
		{8326A449-2550-42E3-BAAD-463FA8BADB0E}.Debug|Any CPU.Build.0 = Debug|Any CPU
		{8326A449-2550-42E3-BAAD-463FA8BADB0E}.Release|Any CPU.ActiveCfg = Release|Any CPU
		{8326A449-2550-42E3-BAAD-463FA8BADB0E}.Release|Any CPU.Build.0 = Release|Any CPU
		{A19B9450-B389-444F-9F1C-8AA24D2F9A52}.Debug|Any CPU.ActiveCfg = Debug|Any CPU
		{A19B9450-B389-444F-9F1C-8AA24D2F9A52}.Debug|Any CPU.Build.0 = Debug|Any CPU
		{A19B9450-B389-444F-9F1C-8AA24D2F9A52}.Release|Any CPU.ActiveCfg = Release|Any CPU
		{A19B9450-B389-444F-9F1C-8AA24D2F9A52}.Release|Any CPU.Build.0 = Release|Any CPU
		{361286BB-3AE0-4B89-A949-9BDFA032F0D5}.Debug|Any CPU.ActiveCfg = Debug|Any CPU
		{361286BB-3AE0-4B89-A949-9BDFA032F0D5}.Debug|Any CPU.Build.0 = Debug|Any CPU
		{361286BB-3AE0-4B89-A949-9BDFA032F0D5}.Release|Any CPU.ActiveCfg = Release|Any CPU
		{361286BB-3AE0-4B89-A949-9BDFA032F0D5}.Release|Any CPU.Build.0 = Release|Any CPU
		{69691EF2-2EFF-4E50-AA49-93E9FDC5C34B}.Debug|Any CPU.ActiveCfg = Debug|Any CPU
		{69691EF2-2EFF-4E50-AA49-93E9FDC5C34B}.Debug|Any CPU.Build.0 = Debug|Any CPU
		{69691EF2-2EFF-4E50-AA49-93E9FDC5C34B}.Release|Any CPU.ActiveCfg = Release|Any CPU
		{69691EF2-2EFF-4E50-AA49-93E9FDC5C34B}.Release|Any CPU.Build.0 = Release|Any CPU
		{F69BE9A4-1E81-4AA1-9B11-71077DF6CA3D}.Debug|Any CPU.ActiveCfg = Debug|Any CPU
		{F69BE9A4-1E81-4AA1-9B11-71077DF6CA3D}.Debug|Any CPU.Build.0 = Debug|Any CPU
		{F69BE9A4-1E81-4AA1-9B11-71077DF6CA3D}.Release|Any CPU.ActiveCfg = Release|Any CPU
		{F69BE9A4-1E81-4AA1-9B11-71077DF6CA3D}.Release|Any CPU.Build.0 = Release|Any CPU
		{CA3CCEB7-AD9A-41B1-A06F-483C32B697B7}.Debug|Any CPU.ActiveCfg = Debug|Any CPU
		{CA3CCEB7-AD9A-41B1-A06F-483C32B697B7}.Debug|Any CPU.Build.0 = Debug|Any CPU
		{CA3CCEB7-AD9A-41B1-A06F-483C32B697B7}.Release|Any CPU.ActiveCfg = Release|Any CPU
		{CA3CCEB7-AD9A-41B1-A06F-483C32B697B7}.Release|Any CPU.Build.0 = Release|Any CPU
		{DC7AF484-4386-4CB8-AE4C-0F33B18C4ADD}.Debug|Any CPU.ActiveCfg = Debug|Any CPU
		{DC7AF484-4386-4CB8-AE4C-0F33B18C4ADD}.Debug|Any CPU.Build.0 = Debug|Any CPU
		{DC7AF484-4386-4CB8-AE4C-0F33B18C4ADD}.Release|Any CPU.ActiveCfg = Release|Any CPU
		{DC7AF484-4386-4CB8-AE4C-0F33B18C4ADD}.Release|Any CPU.Build.0 = Release|Any CPU
		{958914A9-CCDD-43FF-8620-3588EF099539}.Debug|Any CPU.ActiveCfg = Debug|Any CPU
		{958914A9-CCDD-43FF-8620-3588EF099539}.Debug|Any CPU.Build.0 = Debug|Any CPU
		{958914A9-CCDD-43FF-8620-3588EF099539}.Release|Any CPU.ActiveCfg = Release|Any CPU
		{958914A9-CCDD-43FF-8620-3588EF099539}.Release|Any CPU.Build.0 = Release|Any CPU
	EndGlobalSection
	GlobalSection(SolutionProperties) = preSolution
		HideSolutionNode = FALSE
	EndGlobalSection
	GlobalSection(NestedProjects) = preSolution
		{69691EF2-2EFF-4E50-AA49-93E9FDC5C34B} = {4BB22177-593A-4FFE-8564-B2CF31E508D3}
		{F69BE9A4-1E81-4AA1-9B11-71077DF6CA3D} = {4BB22177-593A-4FFE-8564-B2CF31E508D3}
		{CA3CCEB7-AD9A-41B1-A06F-483C32B697B7} = {4BB22177-593A-4FFE-8564-B2CF31E508D3}
		{DC7AF484-4386-4CB8-AE4C-0F33B18C4ADD} = {4BB22177-593A-4FFE-8564-B2CF31E508D3}
		{958914A9-CCDD-43FF-8620-3588EF099539} = {4BB22177-593A-4FFE-8564-B2CF31E508D3}
	EndGlobalSection
EndGlobal
